
Microsoft Visual Studio Solution File, Format Version 12.00
# Visual Studio 15
VisualStudioVersion = 15.0.28307.902
MinimumVisualStudioVersion = 10.0.40219.1
Project("{FAE04EC0-301F-11D3-BF4B-00C04F79EFBC}") = "ISW", "ISW\ISW.csproj", "{F4CBCB61-27FF-48D8-ACF2-3ACCDCEFFBFE}"
EndProject
Project("{FAE04EC0-301F-11D3-BF4B-00C04F79EFBC}") = "ISW.Tests", "ISW.Tests\ISW.Tests.csproj", "{532D3D16-778E-4859-897C-A26064FF359C}"
EndProject
Global
	GlobalSection(SolutionConfigurationPlatforms) = preSolution
		Debug|Any CPU = Debug|Any CPU
		Release|Any CPU = Release|Any CPU
	EndGlobalSection
	GlobalSection(ProjectConfigurationPlatforms) = postSolution
		{F4CBCB61-27FF-48D8-ACF2-3ACCDCEFFBFE}.Debug|Any CPU.ActiveCfg = Debug|Any CPU
		{F4CBCB61-27FF-48D8-ACF2-3ACCDCEFFBFE}.Debug|Any CPU.Build.0 = Debug|Any CPU
		{F4CBCB61-27FF-48D8-ACF2-3ACCDCEFFBFE}.Release|Any CPU.ActiveCfg = Release|Any CPU
		{F4CBCB61-27FF-48D8-ACF2-3ACCDCEFFBFE}.Release|Any CPU.Build.0 = Release|Any CPU
		{532D3D16-778E-4859-897C-A26064FF359C}.Debug|Any CPU.ActiveCfg = Debug|Any CPU
		{532D3D16-778E-4859-897C-A26064FF359C}.Debug|Any CPU.Build.0 = Debug|Any CPU
		{532D3D16-778E-4859-897C-A26064FF359C}.Release|Any CPU.ActiveCfg = Release|Any CPU
		{532D3D16-778E-4859-897C-A26064FF359C}.Release|Any CPU.Build.0 = Release|Any CPU
	EndGlobalSection
	GlobalSection(SolutionProperties) = preSolution
		HideSolutionNode = FALSE
	EndGlobalSection
	GlobalSection(ExtensibilityGlobals) = postSolution
		SolutionGuid = {83BFADC1-1159-40F1-BB07-1ACB5CBE2764}
	EndGlobalSection
EndGlobal
